
Microsoft Visual Studio Solution File, Format Version 12.00
# Visual Studio Version 16
VisualStudioVersion = 16.0.30503.244
MinimumVisualStudioVersion = 10.0.40219.1
Project("{9A19103F-16F7-4668-BE54-9A1E7A4F7556}") = "AddressBook", "AddressBook\AddressBook.csproj", "{B320F239-2839-4EFD-8B3B-2C16DC9471EB}"
EndProject
Project("{FAE04EC0-301F-11D3-BF4B-00C04F79EFBC}") = "UC2", "UC2\UC2.csproj", "{55833BDF-DFBF-4B41-AE35-0B67E7A6742F}"
EndProject
Global
	GlobalSection(SolutionConfigurationPlatforms) = preSolution
		Debug|Any CPU = Debug|Any CPU
		Release|Any CPU = Release|Any CPU
	EndGlobalSection
	GlobalSection(ProjectConfigurationPlatforms) = postSolution
		{B320F239-2839-4EFD-8B3B-2C16DC9471EB}.Debug|Any CPU.ActiveCfg = Debug|Any CPU
		{B320F239-2839-4EFD-8B3B-2C16DC9471EB}.Debug|Any CPU.Build.0 = Debug|Any CPU
		{B320F239-2839-4EFD-8B3B-2C16DC9471EB}.Release|Any CPU.ActiveCfg = Release|Any CPU
		{B320F239-2839-4EFD-8B3B-2C16DC9471EB}.Release|Any CPU.Build.0 = Release|Any CPU
		{55833BDF-DFBF-4B41-AE35-0B67E7A6742F}.Debug|Any CPU.ActiveCfg = Debug|Any CPU
		{55833BDF-DFBF-4B41-AE35-0B67E7A6742F}.Debug|Any CPU.Build.0 = Debug|Any CPU
		{55833BDF-DFBF-4B41-AE35-0B67E7A6742F}.Release|Any CPU.ActiveCfg = Release|Any CPU
		{55833BDF-DFBF-4B41-AE35-0B67E7A6742F}.Release|Any CPU.Build.0 = Release|Any CPU
	EndGlobalSection
	GlobalSection(SolutionProperties) = preSolution
		HideSolutionNode = FALSE
	EndGlobalSection
	GlobalSection(ExtensibilityGlobals) = postSolution
		SolutionGuid = {6D5EEE61-5E9A-4C1B-91AB-43492D7598E7}
	EndGlobalSection
EndGlobal
